
Microsoft Visual Studio Solution File, Format Version 12.00
# Visual Studio 15
VisualStudioVersion = 15.0.27428.2015
MinimumVisualStudioVersion = 10.0.40219.1
Project("{FAE04EC0-301F-11D3-BF4B-00C04F79EFBC}") = "DemoWrite", "DemoWrite\DemoWrite.csproj", "{F3BA3913-00C9-4CEA-B0CA-ADFA88E7F17A}"
EndProject
Global
	GlobalSection(SolutionConfigurationPlatforms) = preSolution
		Debug|Any CPU = Debug|Any CPU
		Release|Any CPU = Release|Any CPU
	EndGlobalSection
	GlobalSection(ProjectConfigurationPlatforms) = postSolution
		{F3BA3913-00C9-4CEA-B0CA-ADFA88E7F17A}.Debug|Any CPU.ActiveCfg = Debug|Any CPU
		{F3BA3913-00C9-4CEA-B0CA-ADFA88E7F17A}.Debug|Any CPU.Build.0 = Debug|Any CPU
		{F3BA3913-00C9-4CEA-B0CA-ADFA88E7F17A}.Release|Any CPU.ActiveCfg = Release|Any CPU
		{F3BA3913-00C9-4CEA-B0CA-ADFA88E7F17A}.Release|Any CPU.Build.0 = Release|Any CPU
	EndGlobalSection
	GlobalSection(SolutionProperties) = preSolution
		HideSolutionNode = FALSE
	EndGlobalSection
	GlobalSection(ExtensibilityGlobals) = postSolution
		SolutionGuid = {CF641371-BEDB-4BCD-A427-537C54C3DC02}
	EndGlobalSection
EndGlobal
