
Microsoft Visual Studio Solution File, Format Version 12.00
# Visual Studio 15
VisualStudioVersion = 15.0.27428.2015
MinimumVisualStudioVersion = 10.0.40219.1
Project("{FAE04EC0-301F-11D3-BF4B-00C04F79EFBC}") = "robotDogsAhoy", "robotDogsAhoy\robotDogsAhoy.csproj", "{701DCA54-C2A4-46E7-89DF-C829D68337AF}"
EndProject
Global
	GlobalSection(SolutionConfigurationPlatforms) = preSolution
		Debug|Any CPU = Debug|Any CPU
		Release|Any CPU = Release|Any CPU
	EndGlobalSection
	GlobalSection(ProjectConfigurationPlatforms) = postSolution
		{701DCA54-C2A4-46E7-89DF-C829D68337AF}.Debug|Any CPU.ActiveCfg = Debug|Any CPU
		{701DCA54-C2A4-46E7-89DF-C829D68337AF}.Debug|Any CPU.Build.0 = Debug|Any CPU
		{701DCA54-C2A4-46E7-89DF-C829D68337AF}.Release|Any CPU.ActiveCfg = Release|Any CPU
		{701DCA54-C2A4-46E7-89DF-C829D68337AF}.Release|Any CPU.Build.0 = Release|Any CPU
	EndGlobalSection
	GlobalSection(SolutionProperties) = preSolution
		HideSolutionNode = FALSE
	EndGlobalSection
	GlobalSection(ExtensibilityGlobals) = postSolution
		SolutionGuid = {7DFD84A7-734D-49B2-A679-C914E1C02FA4}
	EndGlobalSection
EndGlobal
